
Microsoft Visual Studio Solution File, Format Version 12.00
# Visual Studio Version 17
VisualStudioVersion = 17.7.34221.43
MinimumVisualStudioVersion = 10.0.40219.1
Project("{9A19103F-16F7-4668-BE54-9A1E7A4F7556}") = "Grocery", "Grocery\Grocery.csproj", "{B8D5B0BD-0CC4-417C-A18E-2233AD62BED5}"
EndProject
Global
	GlobalSection(SolutionConfigurationPlatforms) = preSolution
		Debug|Any CPU = Debug|Any CPU
		Release|Any CPU = Release|Any CPU
	EndGlobalSection
	GlobalSection(ProjectConfigurationPlatforms) = postSolution
		{B8D5B0BD-0CC4-417C-A18E-2233AD62BED5}.Debug|Any CPU.ActiveCfg = Debug|Any CPU
		{B8D5B0BD-0CC4-417C-A18E-2233AD62BED5}.Debug|Any CPU.Build.0 = Debug|Any CPU
		{B8D5B0BD-0CC4-417C-A18E-2233AD62BED5}.Release|Any CPU.ActiveCfg = Release|Any CPU
		{B8D5B0BD-0CC4-417C-A18E-2233AD62BED5}.Release|Any CPU.Build.0 = Release|Any CPU
	EndGlobalSection
	GlobalSection(SolutionProperties) = preSolution
		HideSolutionNode = FALSE
	EndGlobalSection
	GlobalSection(ExtensibilityGlobals) = postSolution
		SolutionGuid = {2ED78ECB-7DDE-4701-AA57-C61F03997B59}
	EndGlobalSection
EndGlobal
