
Microsoft Visual Studio Solution File, Format Version 12.00
# Visual Studio Version 17
VisualStudioVersion = 17.7.34009.444
MinimumVisualStudioVersion = 10.0.40219.1
Project("{FAE04EC0-301F-11D3-BF4B-00C04F79EFBC}") = "Lesson13", "Lesson13\Lesson13.csproj", "{5D6EB727-65FE-4935-A0B9-BA171C790CB6}"
EndProject
Global
	GlobalSection(SolutionConfigurationPlatforms) = preSolution
		Debug|Any CPU = Debug|Any CPU
		Release|Any CPU = Release|Any CPU
	EndGlobalSection
	GlobalSection(ProjectConfigurationPlatforms) = postSolution
		{5D6EB727-65FE-4935-A0B9-BA171C790CB6}.Debug|Any CPU.ActiveCfg = Debug|Any CPU
		{5D6EB727-65FE-4935-A0B9-BA171C790CB6}.Debug|Any CPU.Build.0 = Debug|Any CPU
		{5D6EB727-65FE-4935-A0B9-BA171C790CB6}.Release|Any CPU.ActiveCfg = Release|Any CPU
		{5D6EB727-65FE-4935-A0B9-BA171C790CB6}.Release|Any CPU.Build.0 = Release|Any CPU
	EndGlobalSection
	GlobalSection(SolutionProperties) = preSolution
		HideSolutionNode = FALSE
	EndGlobalSection
	GlobalSection(ExtensibilityGlobals) = postSolution
		SolutionGuid = {0DC2972A-922C-4307-BB2D-C477694592B8}
	EndGlobalSection
EndGlobal
