
Microsoft Visual Studio Solution File, Format Version 12.00
# Visual Studio Version 17
VisualStudioVersion = 17.7.34009.444
MinimumVisualStudioVersion = 10.0.40219.1
Project("{FAE04EC0-301F-11D3-BF4B-00C04F79EFBC}") = "Lesson18", "Lesson18\Lesson18.csproj", "{C787BE74-F209-460B-96CF-E92F634A94EE}"
EndProject
Global
	GlobalSection(SolutionConfigurationPlatforms) = preSolution
		Debug|Any CPU = Debug|Any CPU
		Release|Any CPU = Release|Any CPU
	EndGlobalSection
	GlobalSection(ProjectConfigurationPlatforms) = postSolution
		{C787BE74-F209-460B-96CF-E92F634A94EE}.Debug|Any CPU.ActiveCfg = Debug|Any CPU
		{C787BE74-F209-460B-96CF-E92F634A94EE}.Debug|Any CPU.Build.0 = Debug|Any CPU
		{C787BE74-F209-460B-96CF-E92F634A94EE}.Release|Any CPU.ActiveCfg = Release|Any CPU
		{C787BE74-F209-460B-96CF-E92F634A94EE}.Release|Any CPU.Build.0 = Release|Any CPU
	EndGlobalSection
	GlobalSection(SolutionProperties) = preSolution
		HideSolutionNode = FALSE
	EndGlobalSection
	GlobalSection(ExtensibilityGlobals) = postSolution
		SolutionGuid = {6E48245B-29F1-4916-9117-630277C0EF74}
	EndGlobalSection
EndGlobal
